
Microsoft Visual Studio Solution File, Format Version 12.00
# Visual Studio 2013
VisualStudioVersion = 12.0.30501.0
MinimumVisualStudioVersion = 10.0.40219.1
Project("{FAE04EC0-301F-11D3-BF4B-00C04F79EFBC}") = "Guestbook", "Guestbook\Guestbook.csproj", "{C0806551-99A7-4F90-BD7D-3B33ABA8ADD2}"
EndProject
Project("{FAE04EC0-301F-11D3-BF4B-00C04F79EFBC}") = "Guestbook.Tests", "Guestbook.Tests\Guestbook.Tests.csproj", "{34018107-61C2-4B79-9379-9F401FA904D2}"
EndProject
Global
	GlobalSection(SolutionConfigurationPlatforms) = preSolution
		Debug|Any CPU = Debug|Any CPU
		Release|Any CPU = Release|Any CPU
	EndGlobalSection
	GlobalSection(ProjectConfigurationPlatforms) = postSolution
		{C0806551-99A7-4F90-BD7D-3B33ABA8ADD2}.Debug|Any CPU.ActiveCfg = Debug|Any CPU
		{C0806551-99A7-4F90-BD7D-3B33ABA8ADD2}.Debug|Any CPU.Build.0 = Debug|Any CPU
		{C0806551-99A7-4F90-BD7D-3B33ABA8ADD2}.Release|Any CPU.ActiveCfg = Release|Any CPU
		{C0806551-99A7-4F90-BD7D-3B33ABA8ADD2}.Release|Any CPU.Build.0 = Release|Any CPU
		{34018107-61C2-4B79-9379-9F401FA904D2}.Debug|Any CPU.ActiveCfg = Debug|Any CPU
		{34018107-61C2-4B79-9379-9F401FA904D2}.Debug|Any CPU.Build.0 = Debug|Any CPU
		{34018107-61C2-4B79-9379-9F401FA904D2}.Release|Any CPU.ActiveCfg = Release|Any CPU
		{34018107-61C2-4B79-9379-9F401FA904D2}.Release|Any CPU.Build.0 = Release|Any CPU
	EndGlobalSection
	GlobalSection(SolutionProperties) = preSolution
		HideSolutionNode = FALSE
	EndGlobalSection
EndGlobal
